
Microsoft Visual Studio Solution File, Format Version 12.00
# Visual Studio Version 17
VisualStudioVersion = 17.7.34031.279
MinimumVisualStudioVersion = 10.0.40219.1
Project("{9A19103F-16F7-4668-BE54-9A1E7A4F7556}") = "Infrastructure", "Infrastructure\Infrastructure.csproj", "{8B3B833C-2B0D-4403-B764-17DD80D9E84A}"
	ProjectSection(ProjectDependencies) = postProject
		{CB643840-5289-4C2F-9F14-A6C724983114} = {CB643840-5289-4C2F-9F14-A6C724983114}
	EndProjectSection
EndProject
Project("{FAE04EC0-301F-11D3-BF4B-00C04F79EFBC}") = "Domain", "Domain\Domain.csproj", "{60B7599C-3A49-495C-934E-0CE5BCE9CB04}"
EndProject
Project("{FAE04EC0-301F-11D3-BF4B-00C04F79EFBC}") = "Application", "Application\Application.csproj", "{1393D44A-133C-43FD-BF1D-10B54A067AE5}"
EndProject
Project("{FAE04EC0-301F-11D3-BF4B-00C04F79EFBC}") = "DomainTest", "DomainTest\DomainTest.csproj", "{C9DCBBBC-7576-455B-93F1-FBD088371FB9}"
EndProject
Global
	GlobalSection(SolutionConfigurationPlatforms) = preSolution
		Debug|Any CPU = Debug|Any CPU
		Release|Any CPU = Release|Any CPU
	EndGlobalSection
	GlobalSection(ProjectConfigurationPlatforms) = postSolution
		{8B3B833C-2B0D-4403-B764-17DD80D9E84A}.Debug|Any CPU.ActiveCfg = Debug|Any CPU
		{8B3B833C-2B0D-4403-B764-17DD80D9E84A}.Debug|Any CPU.Build.0 = Debug|Any CPU
		{8B3B833C-2B0D-4403-B764-17DD80D9E84A}.Release|Any CPU.ActiveCfg = Release|Any CPU
		{8B3B833C-2B0D-4403-B764-17DD80D9E84A}.Release|Any CPU.Build.0 = Release|Any CPU
		{60B7599C-3A49-495C-934E-0CE5BCE9CB04}.Debug|Any CPU.ActiveCfg = Debug|Any CPU
		{60B7599C-3A49-495C-934E-0CE5BCE9CB04}.Debug|Any CPU.Build.0 = Debug|Any CPU
		{60B7599C-3A49-495C-934E-0CE5BCE9CB04}.Release|Any CPU.ActiveCfg = Release|Any CPU
		{60B7599C-3A49-495C-934E-0CE5BCE9CB04}.Release|Any CPU.Build.0 = Release|Any CPU
		{1393D44A-133C-43FD-BF1D-10B54A067AE5}.Debug|Any CPU.ActiveCfg = Debug|Any CPU
		{1393D44A-133C-43FD-BF1D-10B54A067AE5}.Debug|Any CPU.Build.0 = Debug|Any CPU
		{1393D44A-133C-43FD-BF1D-10B54A067AE5}.Release|Any CPU.ActiveCfg = Release|Any CPU
		{1393D44A-133C-43FD-BF1D-10B54A067AE5}.Release|Any CPU.Build.0 = Release|Any CPU
		{C9DCBBBC-7576-455B-93F1-FBD088371FB9}.Debug|Any CPU.ActiveCfg = Debug|Any CPU
		{C9DCBBBC-7576-455B-93F1-FBD088371FB9}.Debug|Any CPU.Build.0 = Debug|Any CPU
		{C9DCBBBC-7576-455B-93F1-FBD088371FB9}.Release|Any CPU.ActiveCfg = Release|Any CPU
		{C9DCBBBC-7576-455B-93F1-FBD088371FB9}.Release|Any CPU.Build.0 = Release|Any CPU
	EndGlobalSection
	GlobalSection(SolutionProperties) = preSolution
		HideSolutionNode = FALSE
	EndGlobalSection
	GlobalSection(ExtensibilityGlobals) = postSolution
		SolutionGuid = {C633AEEF-F082-4D13-B01C-4B6D6290E4F0}
	EndGlobalSection
EndGlobal
